{
  "name": "SnakeGodotTaskmaster",
  "lockfileVersion": 3,
  "requires": true,
  "packages": {
    "": {
      "dependencies": {
        "@exercism/highlightjs-gdscript": "^0.0.1"
      }
    },
    "node_modules/@exercism/highlightjs-gdscript": {
      "version": "0.0.1",
      "resolved": "https://registry.npmjs.org/@exercism/highlightjs-gdscript/-/highlightjs-gdscript-0.0.1.tgz",
      "integrity": "sha512-LiCFDhXCr3iIEGESHEsSCpCI7qNa2suHcrBWeOYSEtEwCXc+IQpEh5i4K8qPcOMJB9ckVOgLgbSNML8TyvPCVg==",
      "license": "MIT"
    }
  }
}
